// !$*UTF8*$!
{
	archiveVersion = 1;
	classes = {
	};
	objectVersion = 55;
	objects = {

/* Begin PBXBuildFile section */
		5C1F6C3A27C0D5150024A5F7 /* PickupAnnotation.swift in Sources */ = {isa = PBXBuildFile; fileRef = 5C1F6C3927C0D5150024A5F7 /* PickupAnnotation.swift */; };
		5C44B1BD27B8CCEE00D830A3 /* AppDelegate.swift in Sources */ = {isa = PBXBuildFile; fileRef = 5C44B1BC27B8CCEE00D830A3 /* AppDelegate.swift */; };
		5C44B1BF27B8CCEE00D830A3 /* SceneDelegate.swift in Sources */ = {isa = PBXBuildFile; fileRef = 5C44B1BE27B8CCEE00D830A3 /* SceneDelegate.swift */; };
		5C44B1C427B8CCEE00D830A3 /* Main.storyboard in Resources */ = {isa = PBXBuildFile; fileRef = 5C44B1C227B8CCEE00D830A3 /* Main.storyboard */; };
		5C44B1C627B8CCEF00D830A3 /* Assets.xcassets in Resources */ = {isa = PBXBuildFile; fileRef = 5C44B1C527B8CCEF00D830A3 /* Assets.xcassets */; };
		5C44B1C927B8CCEF00D830A3 /* LaunchScreen.storyboard in Resources */ = {isa = PBXBuildFile; fileRef = 5C44B1C727B8CCEF00D830A3 /* LaunchScreen.storyboard */; };
		5C44B1D227B8D20A00D830A3 /* FirebaseAuth in Frameworks */ = {isa = PBXBuildFile; productRef = 5C44B1D127B8D20A00D830A3 /* FirebaseAuth */; };
		5C44B1D427B8D20A00D830A3 /* FirebaseFirestore in Frameworks */ = {isa = PBXBuildFile; productRef = 5C44B1D327B8D20A00D830A3 /* FirebaseFirestore */; };
		5C44B1D627B8D20A00D830A3 /* FirebaseStorage in Frameworks */ = {isa = PBXBuildFile; productRef = 5C44B1D527B8D20A00D830A3 /* FirebaseStorage */; };
		5CD4570827B98F54004EECBB /* GoogleService-Info.plist in Resources */ = {isa = PBXBuildFile; fileRef = 5CD4570727B98F54004EECBB /* GoogleService-Info.plist */; };
		5CF0624327B97B110087D962 /* LoginController.swift in Sources */ = {isa = PBXBuildFile; fileRef = 5CF0624227B97B110087D962 /* LoginController.swift */; };
		5CF0624627B97FEA0087D962 /* User.swift in Sources */ = {isa = PBXBuildFile; fileRef = 5CF0624527B97FEA0087D962 /* User.swift */; };
		5CF0624827B980290087D962 /* Trip.swift in Sources */ = {isa = PBXBuildFile; fileRef = 5CF0624727B980290087D962 /* Trip.swift */; };
		5CF0624A27B980770087D962 /* DriverAnnotation.swift in Sources */ = {isa = PBXBuildFile; fileRef = 5CF0624927B980770087D962 /* DriverAnnotation.swift */; };
		5CF0624D27B980FC0087D962 /* AuthButton.swift in Sources */ = {isa = PBXBuildFile; fileRef = 5CF0624C27B980FC0087D962 /* AuthButton.swift */; };
		5CF0624F27B981690087D962 /* Extens.swift in Sources */ = {isa = PBXBuildFile; fileRef = 5CF0624E27B981690087D962 /* Extens.swift */; };
		5CF0625227B982360087D962 /* ContainerController.swift in Sources */ = {isa = PBXBuildFile; fileRef = 5CF0625127B982360087D962 /* ContainerController.swift */; };
		5CF0625427B982AD0087D962 /* MenuController.swift in Sources */ = {isa = PBXBuildFile; fileRef = 5CF0625327B982AD0087D962 /* MenuController.swift */; };
		5CF0625627B983000087D962 /* SignUpController.swift in Sources */ = {isa = PBXBuildFile; fileRef = 5CF0625527B983000087D962 /* SignUpController.swift */; };
		5CF0625927B983E10087D962 /* GeoFire in Frameworks */ = {isa = PBXBuildFile; productRef = 5CF0625827B983E10087D962 /* GeoFire */; };
		5CF0625B27B983E10087D962 /* GeoFireUtils in Frameworks */ = {isa = PBXBuildFile; productRef = 5CF0625A27B983E10087D962 /* GeoFireUtils */; };
		5CF0625D27B984370087D962 /* LocationHandler.swift in Sources */ = {isa = PBXBuildFile; fileRef = 5CF0625C27B984370087D962 /* LocationHandler.swift */; };
		5CF0625F27B9846A0087D962 /* HomeController.swift in Sources */ = {isa = PBXBuildFile; fileRef = 5CF0625E27B9846A0087D962 /* HomeController.swift */; };
		5CF0626127B984E00087D962 /* Support.swift in Sources */ = {isa = PBXBuildFile; fileRef = 5CF0626027B984E00087D962 /* Support.swift */; };
		5CF0626327B985130087D962 /* MenuHeader.swift in Sources */ = {isa = PBXBuildFile; fileRef = 5CF0626227B985130087D962 /* MenuHeader.swift */; };
		5CF0626527B985620087D962 /* LocationCell.swift in Sources */ = {isa = PBXBuildFile; fileRef = 5CF0626427B985620087D962 /* LocationCell.swift */; };
		5CF0626727B985C10087D962 /* CircularProgressView.swift in Sources */ = {isa = PBXBuildFile; fileRef = 5CF0626627B985C10087D962 /* CircularProgressView.swift */; };
		5CF0626927B986B20087D962 /* LocationInputActivationView.swift in Sources */ = {isa = PBXBuildFile; fileRef = 5CF0626827B986B20087D962 /* LocationInputActivationView.swift */; };
		5CF0626B27B986D30087D962 /* LocationInputView.swift in Sources */ = {isa = PBXBuildFile; fileRef = 5CF0626A27B986D30087D962 /* LocationInputView.swift */; };
		5CF0626D27B986F30087D962 /* RideActionView.swift in Sources */ = {isa = PBXBuildFile; fileRef = 5CF0626C27B986F30087D962 /* RideActionView.swift */; };
		5CF0626F27B9880C0087D962 /* UserInfoHeader.swift in Sources */ = {isa = PBXBuildFile; fileRef = 5CF0626E27B9880C0087D962 /* UserInfoHeader.swift */; };
		5CF0627127B988510087D962 /* PickupController.swift in Sources */ = {isa = PBXBuildFile; fileRef = 5CF0627027B988510087D962 /* PickupController.swift */; };
		5CF0627327B988900087D962 /* AddLocationController.swift in Sources */ = {isa = PBXBuildFile; fileRef = 5CF0627227B988900087D962 /* AddLocationController.swift */; };
		5CF0627527B988AE0087D962 /* SettingsController.swift in Sources */ = {isa = PBXBuildFile; fileRef = 5CF0627427B988AE0087D962 /* SettingsController.swift */; };
/* End PBXBuildFile section */

/* Begin PBXFileReference section */
		5C1F6C3927C0D5150024A5F7 /* PickupAnnotation.swift */ = {isa = PBXFileReference; lastKnownFileType = sourcecode.swift; path = PickupAnnotation.swift; sourceTree = "<group>"; };
		5C44B1B927B8CCEE00D830A3 /* iqTaxi.app */ = {isa = PBXFileReference; explicitFileType = wrapper.application; includeInIndex = 0; path = iqTaxi.app; sourceTree = BUILT_PRODUCTS_DIR; };
		5C44B1BC27B8CCEE00D830A3 /* AppDelegate.swift */ = {isa = PBXFileReference; lastKnownFileType = sourcecode.swift; path = AppDelegate.swift; sourceTree = "<group>"; };
		5C44B1BE27B8CCEE00D830A3 /* SceneDelegate.swift */ = {isa = PBXFileReference; lastKnownFileType = sourcecode.swift; path = SceneDelegate.swift; sourceTree = "<group>"; };
		5C44B1C327B8CCEE00D830A3 /* Base */ = {isa = PBXFileReference; lastKnownFileType = file.storyboard; name = Base; path = Base.lproj/Main.storyboard; sourceTree = "<group>"; };
		5C44B1C527B8CCEF00D830A3 /* Assets.xcassets */ = {isa = PBXFileReference; lastKnownFileType = folder.assetcatalog; path = Assets.xcassets; sourceTree = "<group>"; };
		5C44B1C827B8CCEF00D830A3 /* Base */ = {isa = PBXFileReference; lastKnownFileType = file.storyboard; name = Base; path = Base.lproj/LaunchScreen.storyboard; sourceTree = "<group>"; };
		5C44B1CA27B8CCEF00D830A3 /* Info.plist */ = {isa = PBXFileReference; lastKnownFileType = text.plist.xml; path = Info.plist; sourceTree = "<group>"; };
		5CD4570727B98F54004EECBB /* GoogleService-Info.plist */ = {isa = PBXFileReference; fileEncoding = 4; lastKnownFileType = text.plist.xml; path = "GoogleService-Info.plist"; sourceTree = "<group>"; };
		5CF0624227B97B110087D962 /* LoginController.swift */ = {isa = PBXFileReference; lastKnownFileType = sourcecode.swift; path = LoginController.swift; sourceTree = "<group>"; };
		5CF0624527B97FEA0087D962 /* User.swift */ = {isa = PBXFileReference; lastKnownFileType = sourcecode.swift; path = User.swift; sourceTree = "<group>"; };
		5CF0624727B980290087D962 /* Trip.swift */ = {isa = PBXFileReference; lastKnownFileType = sourcecode.swift; path = Trip.swift; sourceTree = "<group>"; };
		5CF0624927B980770087D962 /* DriverAnnotation.swift */ = {isa = PBXFileReference; lastKnownFileType = sourcecode.swift; path = DriverAnnotation.swift; sourceTree = "<group>"; };
		5CF0624C27B980FC0087D962 /* AuthButton.swift */ = {isa = PBXFileReference; lastKnownFileType = sourcecode.swift; path = AuthButton.swift; sourceTree = "<group>"; };
		5CF0624E27B981690087D962 /* Extens.swift */ = {isa = PBXFileReference; lastKnownFileType = sourcecode.swift; path = Extens.swift; sourceTree = "<group>"; };
		5CF0625127B982360087D962 /* ContainerController.swift */ = {isa = PBXFileReference; lastKnownFileType = sourcecode.swift; path = ContainerController.swift; sourceTree = "<group>"; };
		5CF0625327B982AD0087D962 /* MenuController.swift */ = {isa = PBXFileReference; lastKnownFileType = sourcecode.swift; path = MenuController.swift; sourceTree = "<group>"; };
		5CF0625527B983000087D962 /* SignUpController.swift */ = {isa = PBXFileReference; lastKnownFileType = sourcecode.swift; path = SignUpController.swift; sourceTree = "<group>"; };
		5CF0625C27B984370087D962 /* LocationHandler.swift */ = {isa = PBXFileReference; lastKnownFileType = sourcecode.swift; path = LocationHandler.swift; sourceTree = "<group>"; };
		5CF0625E27B9846A0087D962 /* HomeController.swift */ = {isa = PBXFileReference; lastKnownFileType = sourcecode.swift; path = HomeController.swift; sourceTree = "<group>"; };
		5CF0626027B984E00087D962 /* Support.swift */ = {isa = PBXFileReference; lastKnownFileType = sourcecode.swift; path = Support.swift; sourceTree = "<group>"; };
		5CF0626227B985130087D962 /* MenuHeader.swift */ = {isa = PBXFileReference; lastKnownFileType = sourcecode.swift; path = MenuHeader.swift; sourceTree = "<group>"; };
		5CF0626427B985620087D962 /* LocationCell.swift */ = {isa = PBXFileReference; lastKnownFileType = sourcecode.swift; path = LocationCell.swift; sourceTree = "<group>"; };
		5CF0626627B985C10087D962 /* CircularProgressView.swift */ = {isa = PBXFileReference; lastKnownFileType = sourcecode.swift; path = CircularProgressView.swift; sourceTree = "<group>"; };
		5CF0626827B986B20087D962 /* LocationInputActivationView.swift */ = {isa = PBXFileReference; lastKnownFileType = sourcecode.swift; path = LocationInputActivationView.swift; sourceTree = "<group>"; };
		5CF0626A27B986D30087D962 /* LocationInputView.swift */ = {isa = PBXFileReference; lastKnownFileType = sourcecode.swift; path = LocationInputView.swift; sourceTree = "<group>"; };
		5CF0626C27B986F30087D962 /* RideActionView.swift */ = {isa = PBXFileReference; lastKnownFileType = sourcecode.swift; path = RideActionView.swift; sourceTree = "<group>"; };
		5CF0626E27B9880C0087D962 /* UserInfoHeader.swift */ = {isa = PBXFileReference; lastKnownFileType = sourcecode.swift; path = UserInfoHeader.swift; sourceTree = "<group>"; };
		5CF0627027B988510087D962 /* PickupController.swift */ = {isa = PBXFileReference; lastKnownFileType = sourcecode.swift; path = PickupController.swift; sourceTree = "<group>"; };
		5CF0627227B988900087D962 /* AddLocationController.swift */ = {isa = PBXFileReference; lastKnownFileType = sourcecode.swift; path = AddLocationController.swift; sourceTree = "<group>"; };
		5CF0627427B988AE0087D962 /* SettingsController.swift */ = {isa = PBXFileReference; lastKnownFileType = sourcecode.swift; path = SettingsController.swift; sourceTree = "<group>"; };
/* End PBXFileReference section */

/* Begin PBXFrameworksBuildPhase section */
		5C44B1B627B8CCEE00D830A3 /* Frameworks */ = {
			isa = PBXFrameworksBuildPhase;
			buildActionMask = 2147483647;
			files = (
				5CF0625927B983E10087D962 /* GeoFire in Frameworks */,
				5C44B1D227B8D20A00D830A3 /* FirebaseAuth in Frameworks */,
				5C44B1D427B8D20A00D830A3 /* FirebaseFirestore in Frameworks */,
				5C44B1D627B8D20A00D830A3 /* FirebaseStorage in Frameworks */,
				5CF0625B27B983E10087D962 /* GeoFireUtils in Frameworks */,
			);
			runOnlyForDeploymentPostprocessing = 0;
		};
/* End PBXFrameworksBuildPhase section */

/* Begin PBXGroup section */
		5C44B1B027B8CCEE00D830A3 = {
			isa = PBXGroup;
			children = (
				5C44B1BB27B8CCEE00D830A3 /* iqTaxi */,
				5C44B1BA27B8CCEE00D830A3 /* Products */,
			);
			sourceTree = "<group>";
		};
		5C44B1BA27B8CCEE00D830A3 /* Products */ = {
			isa = PBXGroup;
			children = (
				5C44B1B927B8CCEE00D830A3 /* iqTaxi.app */,
			);
			name = Products;
			sourceTree = "<group>";
		};
		5C44B1BB27B8CCEE00D830A3 /* iqTaxi */ = {
			isa = PBXGroup;
			children = (
				5CBE048C27BC1E0900B599ED /* Additional */,
				5CF0625027B981EA0087D962 /* Controllers */,
				5CF0624B27B980DC0087D962 /* Views */,
				5CF0624427B97FDB0087D962 /* Model */,
				5C44B1BC27B8CCEE00D830A3 /* AppDelegate.swift */,
				5C44B1BE27B8CCEE00D830A3 /* SceneDelegate.swift */,
				5C44B1C227B8CCEE00D830A3 /* Main.storyboard */,
				5C44B1C727B8CCEF00D830A3 /* LaunchScreen.storyboard */,
				5C44B1C527B8CCEF00D830A3 /* Assets.xcassets */,
				5C44B1CA27B8CCEF00D830A3 /* Info.plist */,
				5CD4570727B98F54004EECBB /* GoogleService-Info.plist */,
			);
			path = iqTaxi;
			sourceTree = "<group>";
		};
		5CBE048C27BC1E0900B599ED /* Additional */ = {
			isa = PBXGroup;
			children = (
				5CF0625C27B984370087D962 /* LocationHandler.swift */,
				5CF0626027B984E00087D962 /* Support.swift */,
				5CF0624E27B981690087D962 /* Extens.swift */,
				5C1F6C3927C0D5150024A5F7 /* PickupAnnotation.swift */,
			);
			path = Additional;
			sourceTree = "<group>";
		};
		5CF0624427B97FDB0087D962 /* Model */ = {
			isa = PBXGroup;
			children = (
				5CF0624527B97FEA0087D962 /* User.swift */,
				5CF0624727B980290087D962 /* Trip.swift */,
				5CF0624927B980770087D962 /* DriverAnnotation.swift */,
			);
			path = Model;
			sourceTree = "<group>";
		};
		5CF0624B27B980DC0087D962 /* Views */ = {
			isa = PBXGroup;
			children = (
				5CF0624C27B980FC0087D962 /* AuthButton.swift */,
				5CF0626227B985130087D962 /* MenuHeader.swift */,
				5CF0626427B985620087D962 /* LocationCell.swift */,
				5CF0626627B985C10087D962 /* CircularProgressView.swift */,
				5CF0626827B986B20087D962 /* LocationInputActivationView.swift */,
				5CF0626A27B986D30087D962 /* LocationInputView.swift */,
				5CF0626C27B986F30087D962 /* RideActionView.swift */,
				5CF0626E27B9880C0087D962 /* UserInfoHeader.swift */,
			);
			path = Views;
			sourceTree = "<group>";
		};
		5CF0625027B981EA0087D962 /* Controllers */ = {
			isa = PBXGroup;
			children = (
				5CF0625127B982360087D962 /* ContainerController.swift */,
				5CF0625527B983000087D962 /* SignUpController.swift */,
				5CF0624227B97B110087D962 /* LoginController.swift */,
				5CF0625327B982AD0087D962 /* MenuController.swift */,
				5CF0625E27B9846A0087D962 /* HomeController.swift */,
				5CF0627027B988510087D962 /* PickupController.swift */,
				5CF0627227B988900087D962 /* AddLocationController.swift */,
				5CF0627427B988AE0087D962 /* SettingsController.swift */,
			);
			path = Controllers;
			sourceTree = "<group>";
		};
/* End PBXGroup section */

/* Begin PBXNativeTarget section */
		5C44B1B827B8CCEE00D830A3 /* iqTaxi */ = {
			isa = PBXNativeTarget;
			buildConfigurationList = 5C44B1CD27B8CCEF00D830A3 /* Build configuration list for PBXNativeTarget "iqTaxi" */;
			buildPhases = (
				5C44B1B527B8CCEE00D830A3 /* Sources */,
				5C44B1B627B8CCEE00D830A3 /* Frameworks */,
				5C44B1B727B8CCEE00D830A3 /* Resources */,
			);
			buildRules = (
			);
			dependencies = (
			);
			name = iqTaxi;
			packageProductDependencies = (
				5C44B1D127B8D20A00D830A3 /* FirebaseAuth */,
				5C44B1D327B8D20A00D830A3 /* FirebaseFirestore */,
				5C44B1D527B8D20A00D830A3 /* FirebaseStorage */,
				5CF0625827B983E10087D962 /* GeoFire */,
				5CF0625A27B983E10087D962 /* GeoFireUtils */,
			);
			productName = iqTaxi;
			productReference = 5C44B1B927B8CCEE00D830A3 /* iqTaxi.app */;
			productType = "com.apple.product-type.application";
		};
/* End PBXNativeTarget section */

/* Begin PBXProject section */
		5C44B1B127B8CCEE00D830A3 /* Project object */ = {
			isa = PBXProject;
			attributes = {
				BuildIndependentTargetsInParallel = 1;
				LastSwiftUpdateCheck = 1320;
				LastUpgradeCheck = 1320;
				TargetAttributes = {
					5C44B1B827B8CCEE00D830A3 = {
						CreatedOnToolsVersion = 13.2.1;
					};
				};
			};
			buildConfigurationList = 5C44B1B427B8CCEE00D830A3 /* Build configuration list for PBXProject "iqTaxi" */;
			compatibilityVersion = "Xcode 13.0";
			developmentRegion = en;
			hasScannedForEncodings = 0;
			knownRegions = (
				en,
				Base,
			);
			mainGroup = 5C44B1B027B8CCEE00D830A3;
			packageReferences = (
				5C44B1D027B8D20A00D830A3 /* XCRemoteSwiftPackageReference "firebase-ios-sdk" */,
				5CF0625727B983E10087D962 /* XCRemoteSwiftPackageReference "geofire-objc" */,
			);
			productRefGroup = 5C44B1BA27B8CCEE00D830A3 /* Products */;
			projectDirPath = "";
			projectRoot = "";
			targets = (
				5C44B1B827B8CCEE00D830A3 /* iqTaxi */,
			);
		};
/* End PBXProject section */

/* Begin PBXResourcesBuildPhase section */
		5C44B1B727B8CCEE00D830A3 /* Resources */ = {
			isa = PBXResourcesBuildPhase;
			buildActionMask = 2147483647;
			files = (
				5C44B1C927B8CCEF00D830A3 /* LaunchScreen.storyboard in Resources */,
				5CD4570827B98F54004EECBB /* GoogleService-Info.plist in Resources */,
				5C44B1C627B8CCEF00D830A3 /* Assets.xcassets in Resources */,
				5C44B1C427B8CCEE00D830A3 /* Main.storyboard in Resources */,
			);
			runOnlyForDeploymentPostprocessing = 0;
		};
/* End PBXResourcesBuildPhase section */

/* Begin PBXSourcesBuildPhase section */
		5C44B1B527B8CCEE00D830A3 /* Sources */ = {
			isa = PBXSourcesBuildPhase;
			buildActionMask = 2147483647;
			files = (
				5CF0624827B980290087D962 /* Trip.swift in Sources */,
				5CF0625227B982360087D962 /* ContainerController.swift in Sources */,
				5CF0625F27B9846A0087D962 /* HomeController.swift in Sources */,
				5CF0626F27B9880C0087D962 /* UserInfoHeader.swift in Sources */,
				5CF0624D27B980FC0087D962 /* AuthButton.swift in Sources */,
				5CF0626527B985620087D962 /* LocationCell.swift in Sources */,
				5CF0627527B988AE0087D962 /* SettingsController.swift in Sources */,
				5CF0624327B97B110087D962 /* LoginController.swift in Sources */,
				5CF0625427B982AD0087D962 /* MenuController.swift in Sources */,
				5C44B1BD27B8CCEE00D830A3 /* AppDelegate.swift in Sources */,
				5CF0627127B988510087D962 /* PickupController.swift in Sources */,
				5CF0625D27B984370087D962 /* LocationHandler.swift in Sources */,
				5CF0627327B988900087D962 /* AddLocationController.swift in Sources */,
				5CF0626727B985C10087D962 /* CircularProgressView.swift in Sources */,
				5CF0626327B985130087D962 /* MenuHeader.swift in Sources */,
				5CF0624F27B981690087D962 /* Extens.swift in Sources */,
				5C1F6C3A27C0D5150024A5F7 /* PickupAnnotation.swift in Sources */,
				5CF0624A27B980770087D962 /* DriverAnnotation.swift in Sources */,
				5CF0626B27B986D30087D962 /* LocationInputView.swift in Sources */,
				5CF0626127B984E00087D962 /* Support.swift in Sources */,
				5CF0624627B97FEA0087D962 /* User.swift in Sources */,
				5C44B1BF27B8CCEE00D830A3 /* SceneDelegate.swift in Sources */,
				5CF0625627B983000087D962 /* SignUpController.swift in Sources */,
				5CF0626D27B986F30087D962 /* RideActionView.swift in Sources */,
				5CF0626927B986B20087D962 /* LocationInputActivationView.swift in Sources */,
			);
			runOnlyForDeploymentPostprocessing = 0;
		};
/* End PBXSourcesBuildPhase section */

/* Begin PBXVariantGroup section */
		5C44B1C227B8CCEE00D830A3 /* Main.storyboard */ = {
			isa = PBXVariantGroup;
			children = (
				5C44B1C327B8CCEE00D830A3 /* Base */,
			);
			name = Main.storyboard;
			sourceTree = "<group>";
		};
		5C44B1C727B8CCEF00D830A3 /* LaunchScreen.storyboard */ = {
			isa = PBXVariantGroup;
			children = (
				5C44B1C827B8CCEF00D830A3 /* Base */,
			);
			name = LaunchScreen.storyboard;
			sourceTree = "<group>";
		};
/* End PBXVariantGroup section */

/* Begin XCBuildConfiguration section */
		5C44B1CB27B8CCEF00D830A3 /* Debug */ = {
			isa = XCBuildConfiguration;
			buildSettings = {
				ALWAYS_SEARCH_USER_PATHS = NO;
				CLANG_ANALYZER_NONNULL = YES;
				CLANG_ANALYZER_NUMBER_OBJECT_CONVERSION = YES_AGGRESSIVE;
				CLANG_CXX_LANGUAGE_STANDARD = "gnu++17";
				CLANG_CXX_LIBRARY = "libc++";
				CLANG_ENABLE_MODULES = YES;
				CLANG_ENABLE_OBJC_ARC = YES;
				CLANG_ENABLE_OBJC_WEAK = YES;
				CLANG_WARN_BLOCK_CAPTURE_AUTORELEASING = YES;
				CLANG_WARN_BOOL_CONVERSION = YES;
				CLANG_WARN_COMMA = YES;
				CLANG_WARN_CONSTANT_CONVERSION = YES;
				CLANG_WARN_DEPRECATED_OBJC_IMPLEMENTATIONS = YES;
				CLANG_WARN_DIRECT_OBJC_ISA_USAGE = YES_ERROR;
				CLANG_WARN_DOCUMENTATION_COMMENTS = YES;
				CLANG_WARN_EMPTY_BODY = YES;
				CLANG_WARN_ENUM_CONVERSION = YES;
				CLANG_WARN_INFINITE_RECURSION = YES;
				CLANG_WARN_INT_CONVERSION = YES;
				CLANG_WARN_NON_LITERAL_NULL_CONVERSION = YES;
				CLANG_WARN_OBJC_IMPLICIT_RETAIN_SELF = YES;
				CLANG_WARN_OBJC_LITERAL_CONVERSION = YES;
				CLANG_WARN_OBJC_ROOT_CLASS = YES_ERROR;
				CLANG_WARN_QUOTED_INCLUDE_IN_FRAMEWORK_HEADER = YES;
				CLANG_WARN_RANGE_LOOP_ANALYSIS = YES;
				CLANG_WARN_STRICT_PROTOTYPES = YES;
				CLANG_WARN_SUSPICIOUS_MOVE = YES;
				CLANG_WARN_UNGUARDED_AVAILABILITY = YES_AGGRESSIVE;
				CLANG_WARN_UNREACHABLE_CODE = YES;
				CLANG_WARN__DUPLICATE_METHOD_MATCH = YES;
				COPY_PHASE_STRIP = NO;
				DEBUG_INFORMATION_FORMAT = dwarf;
				ENABLE_STRICT_OBJC_MSGSEND = YES;
				ENABLE_TESTABILITY = YES;
				GCC_C_LANGUAGE_STANDARD = gnu11;
				GCC_DYNAMIC_NO_PIC = NO;
				GCC_NO_COMMON_BLOCKS = YES;
				GCC_OPTIMIZATION_LEVEL = 0;
				GCC_PREPROCESSOR_DEFINITIONS = (
					"DEBUG=1",
					"$(inherited)",
				);
				GCC_WARN_64_TO_32_BIT_CONVERSION = YES;
				GCC_WARN_ABOUT_RETURN_TYPE = YES_ERROR;
				GCC_WARN_UNDECLARED_SELECTOR = YES;
				GCC_WARN_UNINITIALIZED_AUTOS = YES_AGGRESSIVE;
				GCC_WARN_UNUSED_FUNCTION = YES;
				GCC_WARN_UNUSED_VARIABLE = YES;
				IPHONEOS_DEPLOYMENT_TARGET = 15.2;
				MTL_ENABLE_DEBUG_INFO = INCLUDE_SOURCE;
				MTL_FAST_MATH = YES;
				ONLY_ACTIVE_ARCH = YES;
				SDKROOT = iphoneos;
				SWIFT_ACTIVE_COMPILATION_CONDITIONS = DEBUG;
				SWIFT_OPTIMIZATION_LEVEL = "-Onone";
			};
			name = Debug;
		};
		5C44B1CC27B8CCEF00D830A3 /* Release */ = {
			isa = XCBuildConfiguration;
			buildSettings = {
				ALWAYS_SEARCH_USER_PATHS = NO;
				CLANG_ANALYZER_NONNULL = YES;
				CLANG_ANALYZER_NUMBER_OBJECT_CONVERSION = YES_AGGRESSIVE;
				CLANG_CXX_LANGUAGE_STANDARD = "gnu++17";
				CLANG_CXX_LIBRARY = "libc++";
				CLANG_ENABLE_MODULES = YES;
				CLANG_ENABLE_OBJC_ARC = YES;
				CLANG_ENABLE_OBJC_WEAK = YES;
				CLANG_WARN_BLOCK_CAPTURE_AUTORELEASING = YES;
				CLANG_WARN_BOOL_CONVERSION = YES;
				CLANG_WARN_COMMA = YES;
				CLANG_WARN_CONSTANT_CONVERSION = YES;
				CLANG_WARN_DEPRECATED_OBJC_IMPLEMENTATIONS = YES;
				CLANG_WARN_DIRECT_OBJC_ISA_USAGE = YES_ERROR;
				CLANG_WARN_DOCUMENTATION_COMMENTS = YES;
				CLANG_WARN_EMPTY_BODY = YES;
				CLANG_WARN_ENUM_CONVERSION = YES;
				CLANG_WARN_INFINITE_RECURSION = YES;
				CLANG_WARN_INT_CONVERSION = YES;
				CLANG_WARN_NON_LITERAL_NULL_CONVERSION = YES;
				CLANG_WARN_OBJC_IMPLICIT_RETAIN_SELF = YES;
				CLANG_WARN_OBJC_LITERAL_CONVERSION = YES;
				CLANG_WARN_OBJC_ROOT_CLASS = YES_ERROR;
				CLANG_WARN_QUOTED_INCLUDE_IN_FRAMEWORK_HEADER = YES;
				CLANG_WARN_RANGE_LOOP_ANALYSIS = YES;
				CLANG_WARN_STRICT_PROTOTYPES = YES;
				CLANG_WARN_SUSPICIOUS_MOVE = YES;
				CLANG_WARN_UNGUARDED_AVAILABILITY = YES_AGGRESSIVE;
				CLANG_WARN_UNREACHABLE_CODE = YES;
				CLANG_WARN__DUPLICATE_METHOD_MATCH = YES;
				COPY_PHASE_STRIP = NO;
				DEBUG_INFORMATION_FORMAT = "dwarf-with-dsym";
				ENABLE_NS_ASSERTIONS = NO;
				ENABLE_STRICT_OBJC_MSGSEND = YES;
				GCC_C_LANGUAGE_STANDARD = gnu11;
				GCC_NO_COMMON_BLOCKS = YES;
				GCC_WARN_64_TO_32_BIT_CONVERSION = YES;
				GCC_WARN_ABOUT_RETURN_TYPE = YES_ERROR;
				GCC_WARN_UNDECLARED_SELECTOR = YES;
				GCC_WARN_UNINITIALIZED_AUTOS = YES_AGGRESSIVE;
				GCC_WARN_UNUSED_FUNCTION = YES;
				GCC_WARN_UNUSED_VARIABLE = YES;
				IPHONEOS_DEPLOYMENT_TARGET = 15.2;
				MTL_ENABLE_DEBUG_INFO = NO;
				MTL_FAST_MATH = YES;
				SDKROOT = iphoneos;
				SWIFT_COMPILATION_MODE = wholemodule;
				SWIFT_OPTIMIZATION_LEVEL = "-O";
				VALIDATE_PRODUCT = YES;
			};
			name = Release;
		};
		5C44B1CE27B8CCEF00D830A3 /* Debug */ = {
			isa = XCBuildConfiguration;
			buildSettings = {
				ASSETCATALOG_COMPILER_APPICON_NAME = AppIcon;
				ASSETCATALOG_COMPILER_GLOBAL_ACCENT_COLOR_NAME = AccentColor;
				CODE_SIGN_STYLE = Automatic;
				CURRENT_PROJECT_VERSION = 1;
				DEVELOPMENT_TEAM = 248WY5BL5B;
				GENERATE_INFOPLIST_FILE = YES;
				INFOPLIST_FILE = iqTaxi/Info.plist;
				INFOPLIST_KEY_UIApplicationSupportsIndirectInputEvents = YES;
				INFOPLIST_KEY_UILaunchStoryboardName = LaunchScreen;
				INFOPLIST_KEY_UIMainStoryboardFile = Main;
				INFOPLIST_KEY_UISupportedInterfaceOrientations = UIInterfaceOrientationPortrait;
				INFOPLIST_KEY_UISupportedInterfaceOrientations_iPad = "UIInterfaceOrientationPortrait UIInterfaceOrientationPortraitUpsideDown UIInterfaceOrientationLandscapeLeft UIInterfaceOrientationLandscapeRight";
				INFOPLIST_KEY_UISupportedInterfaceOrientations_iPhone = "UIInterfaceOrientationPortrait UIInterfaceOrientationLandscapeLeft UIInterfaceOrientationLandscapeRight";
				IPHONEOS_DEPLOYMENT_TARGET = 13.1;
				LD_RUNPATH_SEARCH_PATHS = (
					"$(inherited)",
					"@executable_path/Frameworks",
				);
				MARKETING_VERSION = 1.0;
				OTHER_LDFLAGS = "-ObjC";
				PRODUCT_BUNDLE_IDENTIFIER = KSmirnov.iTaxi;
				PRODUCT_NAME = "$(TARGET_NAME)";
				SWIFT_EMIT_LOC_STRINGS = YES;
				SWIFT_VERSION = 5.0;
				TARGETED_DEVICE_FAMILY = "1,2";
			};
			name = Debug;
		};
		5C44B1CF27B8CCEF00D830A3 /* Release */ = {
			isa = XCBuildConfiguration;
			buildSettings = {
				ASSETCATALOG_COMPILER_APPICON_NAME = AppIcon;
				ASSETCATALOG_COMPILER_GLOBAL_ACCENT_COLOR_NAME = AccentColor;
				CODE_SIGN_STYLE = Automatic;
				CURRENT_PROJECT_VERSION = 1;
				DEVELOPMENT_TEAM = 248WY5BL5B;
				GENERATE_INFOPLIST_FILE = YES;
				INFOPLIST_FILE = iqTaxi/Info.plist;
				INFOPLIST_KEY_UIApplicationSupportsIndirectInputEvents = YES;
				INFOPLIST_KEY_UILaunchStoryboardName = LaunchScreen;
				INFOPLIST_KEY_UIMainStoryboardFile = Main;
				INFOPLIST_KEY_UISupportedInterfaceOrientations = UIInterfaceOrientationPortrait;
				INFOPLIST_KEY_UISupportedInterfaceOrientations_iPad = "UIInterfaceOrientationPortrait UIInterfaceOrientationPortraitUpsideDown UIInterfaceOrientationLandscapeLeft UIInterfaceOrientationLandscapeRight";
				INFOPLIST_KEY_UISupportedInterfaceOrientations_iPhone = "UIInterfaceOrientationPortrait UIInterfaceOrientationLandscapeLeft UIInterfaceOrientationLandscapeRight";
				IPHONEOS_DEPLOYMENT_TARGET = 13.1;
				LD_RUNPATH_SEARCH_PATHS = (
					"$(inherited)",
					"@executable_path/Frameworks",
				);
				MARKETING_VERSION = 1.0;
				OTHER_LDFLAGS = "-ObjC";
				PRODUCT_BUNDLE_IDENTIFIER = KSmirnov.iTaxi;
				PRODUCT_NAME = "$(TARGET_NAME)";
				SWIFT_EMIT_LOC_STRINGS = YES;
				SWIFT_VERSION = 5.0;
				TARGETED_DEVICE_FAMILY = "1,2";
			};
			name = Release;
		};
/* End XCBuildConfiguration section */

/* Begin XCConfigurationList section */
		5C44B1B427B8CCEE00D830A3 /* Build configuration list for PBXProject "iqTaxi" */ = {
			isa = XCConfigurationList;
			buildConfigurations = (
				5C44B1CB27B8CCEF00D830A3 /* Debug */,
				5C44B1CC27B8CCEF00D830A3 /* Release */,
			);
			defaultConfigurationIsVisible = 0;
			defaultConfigurationName = Release;
		};
		5C44B1CD27B8CCEF00D830A3 /* Build configuration list for PBXNativeTarget "iqTaxi" */ = {
			isa = XCConfigurationList;
			buildConfigurations = (
				5C44B1CE27B8CCEF00D830A3 /* Debug */,
				5C44B1CF27B8CCEF00D830A3 /* Release */,
			);
			defaultConfigurationIsVisible = 0;
			defaultConfigurationName = Release;
		};
/* End XCConfigurationList section */

/* Begin XCRemoteSwiftPackageReference section */
		5C44B1D027B8D20A00D830A3 /* XCRemoteSwiftPackageReference "firebase-ios-sdk" */ = {
			isa = XCRemoteSwiftPackageReference;
			repositoryURL = "https://github.com/firebase/firebase-ios-sdk.git";
			requirement = {
				kind = upToNextMajorVersion;
				minimumVersion = 8.0.0;
			};
		};
		5CF0625727B983E10087D962 /* XCRemoteSwiftPackageReference "geofire-objc" */ = {
			isa = XCRemoteSwiftPackageReference;
			repositoryURL = "https://github.com/firebase/geofire-objc.git";
			requirement = {
				branch = master;
				kind = branch;
			};
		};
/* End XCRemoteSwiftPackageReference section */

/* Begin XCSwiftPackageProductDependency section */
		5C44B1D127B8D20A00D830A3 /* FirebaseAuth */ = {
			isa = XCSwiftPackageProductDependency;
			package = 5C44B1D027B8D20A00D830A3 /* XCRemoteSwiftPackageReference "firebase-ios-sdk" */;
			productName = FirebaseAuth;
		};
		5C44B1D327B8D20A00D830A3 /* FirebaseFirestore */ = {
			isa = XCSwiftPackageProductDependency;
			package = 5C44B1D027B8D20A00D830A3 /* XCRemoteSwiftPackageReference "firebase-ios-sdk" */;
			productName = FirebaseFirestore;
		};
		5C44B1D527B8D20A00D830A3 /* FirebaseStorage */ = {
			isa = XCSwiftPackageProductDependency;
			package = 5C44B1D027B8D20A00D830A3 /* XCRemoteSwiftPackageReference "firebase-ios-sdk" */;
			productName = FirebaseStorage;
		};
		5CF0625827B983E10087D962 /* GeoFire */ = {
			isa = XCSwiftPackageProductDependency;
			package = 5CF0625727B983E10087D962 /* XCRemoteSwiftPackageReference "geofire-objc" */;
			productName = GeoFire;
		};
		5CF0625A27B983E10087D962 /* GeoFireUtils */ = {
			isa = XCSwiftPackageProductDependency;
			package = 5CF0625727B983E10087D962 /* XCRemoteSwiftPackageReference "geofire-objc" */;
			productName = GeoFireUtils;
		};
/* End XCSwiftPackageProductDependency section */
	};
	rootObject = 5C44B1B127B8CCEE00D830A3 /* Project object */;
}
